
Microsoft Visual Studio Solution File, Format Version 12.00
Project("{FAE04EC0-301F-11D3-BF4B-00C04F79EFBC}") = "SharpFAI-Player", "SharpFAI-Player\SharpFAI-Player.csproj", "{2820A830-6526-4092-895D-CC8609E820B6}"
EndProject
Global
	GlobalSection(SolutionConfigurationPlatforms) = preSolution
		Debug|Any CPU = Debug|Any CPU
		Release|Any CPU = Release|Any CPU
	EndGlobalSection
	GlobalSection(ProjectConfigurationPlatforms) = postSolution
		{2820A830-6526-4092-895D-CC8609E820B6}.Debug|Any CPU.ActiveCfg = Debug|Any CPU
		{2820A830-6526-4092-895D-CC8609E820B6}.Debug|Any CPU.Build.0 = Debug|Any CPU
		{2820A830-6526-4092-895D-CC8609E820B6}.Release|Any CPU.ActiveCfg = Release|Any CPU
		{2820A830-6526-4092-895D-CC8609E820B6}.Release|Any CPU.Build.0 = Release|Any CPU
		{1DA9707D-093E-437E-B24C-DDC9B7A034D7}.Debug|Any CPU.ActiveCfg = Debug|Any CPU
		{1DA9707D-093E-437E-B24C-DDC9B7A034D7}.Debug|Any CPU.Build.0 = Debug|Any CPU
		{1DA9707D-093E-437E-B24C-DDC9B7A034D7}.Release|Any CPU.ActiveCfg = Release|Any CPU
		{1DA9707D-093E-437E-B24C-DDC9B7A034D7}.Release|Any CPU.Build.0 = Release|Any CPU
	EndGlobalSection
EndGlobal
